// !$*UTF8*$!
{
	archiveVersion = 1;
	classes = {
	};
	objectVersion = 46;
	objects = {

/* Begin PBXBuildFile section */
		2FBD58431CCBCB51005361B2 /* main.m in Sources */ = {isa = PBXBuildFile; fileRef = 2FBD58421CCBCB51005361B2 /* main.m */; };
		2FBD58461CCBCB51005361B2 /* AppDelegate.m in Sources */ = {isa = PBXBuildFile; fileRef = 2FBD58451CCBCB51005361B2 /* AppDelegate.m */; };
		2FBD58491CCBCB51005361B2 /* MasterViewController.m in Sources */ = {isa = PBXBuildFile; fileRef = 2FBD58481CCBCB51005361B2 /* MasterViewController.m */; };
		2FBD584C1CCBCB51005361B2 /* DetailViewController.m in Sources */ = {isa = PBXBuildFile; fileRef = 2FBD584B1CCBCB51005361B2 /* DetailViewController.m */; };
		2FBD584F1CCBCB51005361B2 /* Main.storyboard in Resources */ = {isa = PBXBuildFile; fileRef = 2FBD584D1CCBCB51005361B2 /* Main.storyboard */; };
		2FBD58511CCBCB51005361B2 /* Images.xcassets in Resources */ = {isa = PBXBuildFile; fileRef = 2FBD58501CCBCB51005361B2 /* Images.xcassets */; };
		2FBD58541CCBCB51005361B2 /* LaunchScreen.xib in Resources */ = {isa = PBXBuildFile; fileRef = 2FBD58521CCBCB51005361B2 /* LaunchScreen.xib */; };
		2FBD58601CCBCB51005361B2 /* SCUxCHGTests.m in Sources */ = {isa = PBXBuildFile; fileRef = 2FBD585F1CCBCB51005361B2 /* SCUxCHGTests.m */; };
/* End PBXBuildFile section */

/* Begin PBXContainerItemProxy section */
		2FBD585A1CCBCB51005361B2 /* PBXContainerItemProxy */ = {
			isa = PBXContainerItemProxy;
			containerPortal = 2FBD58351CCBCB51005361B2 /* Project object */;
			proxyType = 1;
			remoteGlobalIDString = 2FBD583C1CCBCB51005361B2;
			remoteInfo = SCUxCHG;
		};
/* End PBXContainerItemProxy section */

/* Begin PBXFileReference section */
		2FBD583D1CCBCB51005361B2 /* SCUxCHG.app */ = {isa = PBXFileReference; explicitFileType = wrapper.application; includeInIndex = 0; path = SCUxCHG.app; sourceTree = BUILT_PRODUCTS_DIR; };
		2FBD58411CCBCB51005361B2 /* Info.plist */ = {isa = PBXFileReference; lastKnownFileType = text.plist.xml; path = Info.plist; sourceTree = "<group>"; };
		2FBD58421CCBCB51005361B2 /* main.m */ = {isa = PBXFileReference; lastKnownFileType = sourcecode.c.objc; path = main.m; sourceTree = "<group>"; };
		2FBD58441CCBCB51005361B2 /* AppDelegate.h */ = {isa = PBXFileReference; lastKnownFileType = sourcecode.c.h; path = AppDelegate.h; sourceTree = "<group>"; };
		2FBD58451CCBCB51005361B2 /* AppDelegate.m */ = {isa = PBXFileReference; lastKnownFileType = sourcecode.c.objc; path = AppDelegate.m; sourceTree = "<group>"; };
		2FBD58471CCBCB51005361B2 /* MasterViewController.h */ = {isa = PBXFileReference; lastKnownFileType = sourcecode.c.h; path = MasterViewController.h; sourceTree = "<group>"; };
		2FBD58481CCBCB51005361B2 /* MasterViewController.m */ = {isa = PBXFileReference; lastKnownFileType = sourcecode.c.objc; path = MasterViewController.m; sourceTree = "<group>"; };
		2FBD584A1CCBCB51005361B2 /* DetailViewController.h */ = {isa = PBXFileReference; lastKnownFileType = sourcecode.c.h; path = DetailViewController.h; sourceTree = "<group>"; };
		2FBD584B1CCBCB51005361B2 /* DetailViewController.m */ = {isa = PBXFileReference; lastKnownFileType = sourcecode.c.objc; path = DetailViewController.m; sourceTree = "<group>"; };
		2FBD584E1CCBCB51005361B2 /* Base */ = {isa = PBXFileReference; lastKnownFileType = file.storyboard; name = Base; path = Base.lproj/Main.storyboard; sourceTree = "<group>"; };
		2FBD58501CCBCB51005361B2 /* Images.xcassets */ = {isa = PBXFileReference; lastKnownFileType = folder.assetcatalog; path = Images.xcassets; sourceTree = "<group>"; };
		2FBD58531CCBCB51005361B2 /* Base */ = {isa = PBXFileReference; lastKnownFileType = file.xib; name = Base; path = Base.lproj/LaunchScreen.xib; sourceTree = "<group>"; };
		2FBD58591CCBCB51005361B2 /* SCUxCHGTests.xctest */ = {isa = PBXFileReference; explicitFileType = wrapper.cfbundle; includeInIndex = 0; path = SCUxCHGTests.xctest; sourceTree = BUILT_PRODUCTS_DIR; };
		2FBD585E1CCBCB51005361B2 /* Info.plist */ = {isa = PBXFileReference; lastKnownFileType = text.plist.xml; path = Info.plist; sourceTree = "<group>"; };
		2FBD585F1CCBCB51005361B2 /* SCUxCHGTests.m */ = {isa = PBXFileReference; lastKnownFileType = sourcecode.c.objc; path = SCUxCHGTests.m; sourceTree = "<group>"; };
/* End PBXFileReference section */

/* Begin PBXFrameworksBuildPhase section */
		2FBD583A1CCBCB51005361B2 /* Frameworks */ = {
			isa = PBXFrameworksBuildPhase;
			buildActionMask = 2147483647;
			files = (
			);
			runOnlyForDeploymentPostprocessing = 0;
		};
		2FBD58561CCBCB51005361B2 /* Frameworks */ = {
			isa = PBXFrameworksBuildPhase;
			buildActionMask = 2147483647;
			files = (
			);
			runOnlyForDeploymentPostprocessing = 0;
		};
/* End PBXFrameworksBuildPhase section */

/* Begin PBXGroup section */
		2FBD58341CCBCB51005361B2 = {
			isa = PBXGroup;
			children = (
				2FBD583F1CCBCB51005361B2 /* SCUxCHG */,
				2FBD585C1CCBCB51005361B2 /* SCUxCHGTests */,
				2FBD583E1CCBCB51005361B2 /* Products */,
			);
			sourceTree = "<group>";
		};
		2FBD583E1CCBCB51005361B2 /* Products */ = {
			isa = PBXGroup;
			children = (
				2FBD583D1CCBCB51005361B2 /* SCUxCHG.app */,
				2FBD58591CCBCB51005361B2 /* SCUxCHGTests.xctest */,
			);
			name = Products;
			sourceTree = "<group>";
		};
		2FBD583F1CCBCB51005361B2 /* SCUxCHG */ = {
			isa = PBXGroup;
			children = (
				2FBD58441CCBCB51005361B2 /* AppDelegate.h */,
				2FBD58451CCBCB51005361B2 /* AppDelegate.m */,
				2FBD58471CCBCB51005361B2 /* MasterViewController.h */,
				2FBD58481CCBCB51005361B2 /* MasterViewController.m */,
				2FBD584A1CCBCB51005361B2 /* DetailViewController.h */,
				2FBD584B1CCBCB51005361B2 /* DetailViewController.m */,
				2FBD584D1CCBCB51005361B2 /* Main.storyboard */,
				2FBD58501CCBCB51005361B2 /* Images.xcassets */,
				2FBD58521CCBCB51005361B2 /* LaunchScreen.xib */,
				2FBD58401CCBCB51005361B2 /* Supporting Files */,
			);
			path = SCUxCHG;
			sourceTree = "<group>";
		};
		2FBD58401CCBCB51005361B2 /* Supporting Files */ = {
			isa = PBXGroup;
			children = (
				2FBD58411CCBCB51005361B2 /* Info.plist */,
				2FBD58421CCBCB51005361B2 /* main.m */,
			);
			name = "Supporting Files";
			sourceTree = "<group>";
		};
		2FBD585C1CCBCB51005361B2 /* SCUxCHGTests */ = {
			isa = PBXGroup;
			children = (
				2FBD585F1CCBCB51005361B2 /* SCUxCHGTests.m */,
				2FBD585D1CCBCB51005361B2 /* Supporting Files */,
			);
			path = SCUxCHGTests;
			sourceTree = "<group>";
		};
		2FBD585D1CCBCB51005361B2 /* Supporting Files */ = {
			isa = PBXGroup;
			children = (
				2FBD585E1CCBCB51005361B2 /* Info.plist */,
			);
			name = "Supporting Files";
			sourceTree = "<group>";
		};
/* End PBXGroup section */

/* Begin PBXNativeTarget section */
		2FBD583C1CCBCB51005361B2 /* SCUxCHG */ = {
			isa = PBXNativeTarget;
			buildConfigurationList = 2FBD58631CCBCB51005361B2 /* Build configuration list for PBXNativeTarget "SCUxCHG" */;
			buildPhases = (
				2FBD58391CCBCB51005361B2 /* Sources */,
				2FBD583A1CCBCB51005361B2 /* Frameworks */,
				2FBD583B1CCBCB51005361B2 /* Resources */,
			);
			buildRules = (
			);
			dependencies = (
			);
			name = SCUxCHG;
			productName = SCUxCHG;
			productReference = 2FBD583D1CCBCB51005361B2 /* SCUxCHG.app */;
			productType = "com.apple.product-type.application";
		};
		2FBD58581CCBCB51005361B2 /* SCUxCHGTests */ = {
			isa = PBXNativeTarget;
			buildConfigurationList = 2FBD58661CCBCB51005361B2 /* Build configuration list for PBXNativeTarget "SCUxCHGTests" */;
			buildPhases = (
				2FBD58551CCBCB51005361B2 /* Sources */,
				2FBD58561CCBCB51005361B2 /* Frameworks */,
				2FBD58571CCBCB51005361B2 /* Resources */,
			);
			buildRules = (
			);
			dependencies = (
				2FBD585B1CCBCB51005361B2 /* PBXTargetDependency */,
			);
			name = SCUxCHGTests;
			productName = SCUxCHGTests;
			productReference = 2FBD58591CCBCB51005361B2 /* SCUxCHGTests.xctest */;
			productType = "com.apple.product-type.bundle.unit-test";
		};
/* End PBXNativeTarget section */

/* Begin PBXProject section */
		2FBD58351CCBCB51005361B2 /* Project object */ = {
			isa = PBXProject;
			attributes = {
				LastUpgradeCheck = 0640;
				ORGANIZATIONNAME = yang;
				TargetAttributes = {
					2FBD583C1CCBCB51005361B2 = {
						CreatedOnToolsVersion = 6.4;
					};
					2FBD58581CCBCB51005361B2 = {
						CreatedOnToolsVersion = 6.4;
						TestTargetID = 2FBD583C1CCBCB51005361B2;
					};
				};
			};
			buildConfigurationList = 2FBD58381CCBCB51005361B2 /* Build configuration list for PBXProject "SCUxCHG" */;
			compatibilityVersion = "Xcode 3.2";
			developmentRegion = English;
			hasScannedForEncodings = 0;
			knownRegions = (
				en,
				Base,
			);
			mainGroup = 2FBD58341CCBCB51005361B2;
			productRefGroup = 2FBD583E1CCBCB51005361B2 /* Products */;
			projectDirPath = "";
			projectRoot = "";
			targets = (
				2FBD583C1CCBCB51005361B2 /* SCUxCHG */,
				2FBD58581CCBCB51005361B2 /* SCUxCHGTests */,
			);
		};
/* End PBXProject section */

/* Begin PBXResourcesBuildPhase section */
		2FBD583B1CCBCB51005361B2 /* Resources */ = {
			isa = PBXResourcesBuildPhase;
			buildActionMask = 2147483647;
			files = (
				2FBD584F1CCBCB51005361B2 /* Main.storyboard in Resources */,
				2FBD58541CCBCB51005361B2 /* LaunchScreen.xib in Resources */,
				2FBD58511CCBCB51005361B2 /* Images.xcassets in Resources */,
			);
			runOnlyForDeploymentPostprocessing = 0;
		};
		2FBD58571CCBCB51005361B2 /* Resources */ = {
			isa = PBXResourcesBuildPhase;
			buildActionMask = 2147483647;
			files = (
			);
			runOnlyForDeploymentPostprocessing = 0;
		};
/* End PBXResourcesBuildPhase section */

/* Begin PBXSourcesBuildPhase section */
		2FBD58391CCBCB51005361B2 /* Sources */ = {
			isa = PBXSourcesBuildPhase;
			buildActionMask = 2147483647;
			files = (
				2FBD58461CCBCB51005361B2 /* AppDelegate.m in Sources */,
				2FBD58491CCBCB51005361B2 /* MasterViewController.m in Sources */,
				2FBD58431CCBCB51005361B2 /* main.m in Sources */,
				2FBD584C1CCBCB51005361B2 /* DetailViewController.m in Sources */,
			);
			runOnlyForDeploymentPostprocessing = 0;
		};
		2FBD58551CCBCB51005361B2 /* Sources */ = {
			isa = PBXSourcesBuildPhase;
			buildActionMask = 2147483647;
			files = (
				2FBD58601CCBCB51005361B2 /* SCUxCHGTests.m in Sources */,
			);
			runOnlyForDeploymentPostprocessing = 0;
		};
/* End PBXSourcesBuildPhase section */

/* Begin PBXTargetDependency section */
		2FBD585B1CCBCB51005361B2 /* PBXTargetDependency */ = {
			isa = PBXTargetDependency;
			target = 2FBD583C1CCBCB51005361B2 /* SCUxCHG */;
			targetProxy = 2FBD585A1CCBCB51005361B2 /* PBXContainerItemProxy */;
		};
/* End PBXTargetDependency section */

/* Begin PBXVariantGroup section */
		2FBD584D1CCBCB51005361B2 /* Main.storyboard */ = {
			isa = PBXVariantGroup;
			children = (
				2FBD584E1CCBCB51005361B2 /* Base */,
			);
			name = Main.storyboard;
			sourceTree = "<group>";
		};
		2FBD58521CCBCB51005361B2 /* LaunchScreen.xib */ = {
			isa = PBXVariantGroup;
			children = (
				2FBD58531CCBCB51005361B2 /* Base */,
			);
			name = LaunchScreen.xib;
			sourceTree = "<group>";
		};
/* End PBXVariantGroup section */

/* Begin XCBuildConfiguration section */
		2FBD58611CCBCB51005361B2 /* Debug */ = {
			isa = XCBuildConfiguration;
			buildSettings = {
				ALWAYS_SEARCH_USER_PATHS = NO;
				CLANG_CXX_LANGUAGE_STANDARD = "gnu++0x";
				CLANG_CXX_LIBRARY = "libc++";
				CLANG_ENABLE_MODULES = YES;
				CLANG_ENABLE_OBJC_ARC = YES;
				CLANG_WARN_BOOL_CONVERSION = YES;
				CLANG_WARN_CONSTANT_CONVERSION = YES;
				CLANG_WARN_DIRECT_OBJC_ISA_USAGE = YES_ERROR;
				CLANG_WARN_EMPTY_BODY = YES;
				CLANG_WARN_ENUM_CONVERSION = YES;
				CLANG_WARN_INT_CONVERSION = YES;
				CLANG_WARN_OBJC_ROOT_CLASS = YES_ERROR;
				CLANG_WARN_UNREACHABLE_CODE = YES;
				CLANG_WARN__DUPLICATE_METHOD_MATCH = YES;
				"CODE_SIGN_IDENTITY[sdk=iphoneos*]" = "iPhone Developer";
				COPY_PHASE_STRIP = NO;
				DEBUG_INFORMATION_FORMAT = "dwarf-with-dsym";
				ENABLE_STRICT_OBJC_MSGSEND = YES;
				GCC_C_LANGUAGE_STANDARD = gnu99;
				GCC_DYNAMIC_NO_PIC = NO;
				GCC_NO_COMMON_BLOCKS = YES;
				GCC_OPTIMIZATION_LEVEL = 0;
				GCC_PREPROCESSOR_DEFINITIONS = (
					"DEBUG=1",
					"$(inherited)",
				);
				GCC_SYMBOLS_PRIVATE_EXTERN = NO;
				GCC_WARN_64_TO_32_BIT_CONVERSION = YES;
				GCC_WARN_ABOUT_RETURN_TYPE = YES_ERROR;
				GCC_WARN_UNDECLARED_SELECTOR = YES;
				GCC_WARN_UNINITIALIZED_AUTOS = YES_AGGRESSIVE;
				GCC_WARN_UNUSED_FUNCTION = YES;
				GCC_WARN_UNUSED_VARIABLE = YES;
				IPHONEOS_DEPLOYMENT_TARGET = 8.4;
				MTL_ENABLE_DEBUG_INFO = YES;
				ONLY_ACTIVE_ARCH = YES;
				SDKROOT = iphoneos;
			};
			name = Debug;
		};
		2FBD58621CCBCB51005361B2 /* Release */ = {
			isa = XCBuildConfiguration;
			buildSettings = {
				ALWAYS_SEARCH_USER_PATHS = NO;
				CLANG_CXX_LANGUAGE_STANDARD = "gnu++0x";
				CLANG_CXX_LIBRARY = "libc++";
				CLANG_ENABLE_MODULES = YES;
				CLANG_ENABLE_OBJC_ARC = YES;
				CLANG_WARN_BOOL_CONVERSION = YES;
				CLANG_WARN_CONSTANT_CONVERSION = YES;
				CLANG_WARN_DIRECT_OBJC_ISA_USAGE = YES_ERROR;
				CLANG_WARN_EMPTY_BODY = YES;
				CLANG_WARN_ENUM_CONVERSION = YES;
				CLANG_WARN_INT_CONVERSION = YES;
				CLANG_WARN_OBJC_ROOT_CLASS = YES_ERROR;
				CLANG_WARN_UNREACHABLE_CODE = YES;
				CLANG_WARN__DUPLICATE_METHOD_MATCH = YES;
				"CODE_SIGN_IDENTITY[sdk=iphoneos*]" = "iPhone Developer";
				COPY_PHASE_STRIP = NO;
				DEBUG_INFORMATION_FORMAT = "dwarf-with-dsym";
				ENABLE_NS_ASSERTIONS = NO;
				ENABLE_STRICT_OBJC_MSGSEND = YES;
				GCC_C_LANGUAGE_STANDARD = gnu99;
				GCC_NO_COMMON_BLOCKS = YES;
				GCC_WARN_64_TO_32_BIT_CONVERSION = YES;
				GCC_WARN_ABOUT_RETURN_TYPE = YES_ERROR;
				GCC_WARN_UNDECLARED_SELECTOR = YES;
				GCC_WARN_UNINITIALIZED_AUTOS = YES_AGGRESSIVE;
				GCC_WARN_UNUSED_FUNCTION = YES;
				GCC_WARN_UNUSED_VARIABLE = YES;
				IPHONEOS_DEPLOYMENT_TARGET = 8.4;
				MTL_ENABLE_DEBUG_INFO = NO;
				SDKROOT = iphoneos;
				VALIDATE_PRODUCT = YES;
			};
			name = Release;
		};
		2FBD58641CCBCB51005361B2 /* Debug */ = {
			isa = XCBuildConfiguration;
			buildSettings = {
				ASSETCATALOG_COMPILER_APPICON_NAME = AppIcon;
				INFOPLIST_FILE = SCUxCHG/Info.plist;
				LD_RUNPATH_SEARCH_PATHS = "$(inherited) @executable_path/Frameworks";
				PRODUCT_NAME = "$(TARGET_NAME)";
			};
			name = Debug;
		};
		2FBD58651CCBCB51005361B2 /* Release */ = {
			isa = XCBuildConfiguration;
			buildSettings = {
				ASSETCATALOG_COMPILER_APPICON_NAME = AppIcon;
				INFOPLIST_FILE = SCUxCHG/Info.plist;
				LD_RUNPATH_SEARCH_PATHS = "$(inherited) @executable_path/Frameworks";
				PRODUCT_NAME = "$(TARGET_NAME)";
			};
			name = Release;
		};
		2FBD58671CCBCB51005361B2 /* Debug */ = {
			isa = XCBuildConfiguration;
			buildSettings = {
				BUNDLE_LOADER = "$(TEST_HOST)";
				FRAMEWORK_SEARCH_PATHS = (
					"$(SDKROOT)/Developer/Library/Frameworks",
					"$(inherited)",
				);
				GCC_PREPROCESSOR_DEFINITIONS = (
					"DEBUG=1",
					"$(inherited)",
				);
				INFOPLIST_FILE = SCUxCHGTests/Info.plist;
				LD_RUNPATH_SEARCH_PATHS = "$(inherited) @executable_path/Frameworks @loader_path/Frameworks";
				PRODUCT_NAME = "$(TARGET_NAME)";
				TEST_HOST = "$(BUILT_PRODUCTS_DIR)/SCUxCHG.app/SCUxCHG";
			};
			name = Debug;
		};
		2FBD58681CCBCB51005361B2 /* Release */ = {
			isa = XCBuildConfiguration;
			buildSettings = {
				BUNDLE_LOADER = "$(TEST_HOST)";
				FRAMEWORK_SEARCH_PATHS = (
					"$(SDKROOT)/Developer/Library/Frameworks",
					"$(inherited)",
				);
				INFOPLIST_FILE = SCUxCHGTests/Info.plist;
				LD_RUNPATH_SEARCH_PATHS = "$(inherited) @executable_path/Frameworks @loader_path/Frameworks";
				PRODUCT_NAME = "$(TARGET_NAME)";
				TEST_HOST = "$(BUILT_PRODUCTS_DIR)/SCUxCHG.app/SCUxCHG";
			};
			name = Release;
		};
/* End XCBuildConfiguration section */

/* Begin XCConfigurationList section */
		2FBD58381CCBCB51005361B2 /* Build configuration list for PBXProject "SCUxCHG" */ = {
			isa = XCConfigurationList;
			buildConfigurations = (
				2FBD58611CCBCB51005361B2 /* Debug */,
				2FBD58621CCBCB51005361B2 /* Release */,
			);
			defaultConfigurationIsVisible = 0;
			defaultConfigurationName = Release;
		};
		2FBD58631CCBCB51005361B2 /* Build configuration list for PBXNativeTarget "SCUxCHG" */ = {
			isa = XCConfigurationList;
			buildConfigurations = (
				2FBD58641CCBCB51005361B2 /* Debug */,
				2FBD58651CCBCB51005361B2 /* Release */,
			);
			defaultConfigurationIsVisible = 0;
		};
		2FBD58661CCBCB51005361B2 /* Build configuration list for PBXNativeTarget "SCUxCHGTests" */ = {
			isa = XCConfigurationList;
			buildConfigurations = (
				2FBD58671CCBCB51005361B2 /* Debug */,
				2FBD58681CCBCB51005361B2 /* Release */,
			);
			defaultConfigurationIsVisible = 0;
		};
/* End XCConfigurationList section */
	};
	rootObject = 2FBD58351CCBCB51005361B2 /* Project object */;
}
